// !$*UTF8*$!
{
	archiveVersion = 1;
	classes = {
	};
	objectVersion = 50;
	objects = {

/* Begin PBXBuildFile section */
		FCCA629E27058DDC0013AF06 /* AppDelegate.swift in Sources */ = {isa = PBXBuildFile; fileRef = FCCA629D27058DDC0013AF06 /* AppDelegate.swift */; };
		FCCA62A027058DDC0013AF06 /* SceneDelegate.swift in Sources */ = {isa = PBXBuildFile; fileRef = FCCA629F27058DDC0013AF06 /* SceneDelegate.swift */; };
		FCCA62A227058DDC0013AF06 /* ContentView.swift in Sources */ = {isa = PBXBuildFile; fileRef = FCCA62A127058DDC0013AF06 /* ContentView.swift */; };
		FCCA62A427058DDD0013AF06 /* Assets.xcassets in Resources */ = {isa = PBXBuildFile; fileRef = FCCA62A327058DDD0013AF06 /* Assets.xcassets */; };
		FCCA62A727058DDD0013AF06 /* Preview Assets.xcassets in Resources */ = {isa = PBXBuildFile; fileRef = FCCA62A627058DDD0013AF06 /* Preview Assets.xcassets */; };
		FCCA62AA27058DDD0013AF06 /* LaunchScreen.storyboard in Resources */ = {isa = PBXBuildFile; fileRef = FCCA62A827058DDD0013AF06 /* LaunchScreen.storyboard */; };
		FCCA62B227058E410013AF06 /* MyWebView.swift in Sources */ = {isa = PBXBuildFile; fileRef = FCCA62B127058E410013AF06 /* MyWebView.swift */; };
/* End PBXBuildFile section */

/* Begin PBXFileReference section */
		FCCA629A27058DDC0013AF06 /* SwiftUIWebView.app */ = {isa = PBXFileReference; explicitFileType = wrapper.application; includeInIndex = 0; path = SwiftUIWebView.app; sourceTree = BUILT_PRODUCTS_DIR; };
		FCCA629D27058DDC0013AF06 /* AppDelegate.swift */ = {isa = PBXFileReference; lastKnownFileType = sourcecode.swift; path = AppDelegate.swift; sourceTree = "<group>"; };
		FCCA629F27058DDC0013AF06 /* SceneDelegate.swift */ = {isa = PBXFileReference; lastKnownFileType = sourcecode.swift; path = SceneDelegate.swift; sourceTree = "<group>"; };
		FCCA62A127058DDC0013AF06 /* ContentView.swift */ = {isa = PBXFileReference; lastKnownFileType = sourcecode.swift; path = ContentView.swift; sourceTree = "<group>"; };
		FCCA62A327058DDD0013AF06 /* Assets.xcassets */ = {isa = PBXFileReference; lastKnownFileType = folder.assetcatalog; path = Assets.xcassets; sourceTree = "<group>"; };
		FCCA62A627058DDD0013AF06 /* Preview Assets.xcassets */ = {isa = PBXFileReference; lastKnownFileType = folder.assetcatalog; path = "Preview Assets.xcassets"; sourceTree = "<group>"; };
		FCCA62A927058DDD0013AF06 /* Base */ = {isa = PBXFileReference; lastKnownFileType = file.storyboard; name = Base; path = Base.lproj/LaunchScreen.storyboard; sourceTree = "<group>"; };
		FCCA62AB27058DDD0013AF06 /* Info.plist */ = {isa = PBXFileReference; lastKnownFileType = text.plist.xml; path = Info.plist; sourceTree = "<group>"; };
		FCCA62B127058E410013AF06 /* MyWebView.swift */ = {isa = PBXFileReference; lastKnownFileType = sourcecode.swift; path = MyWebView.swift; sourceTree = "<group>"; };
/* End PBXFileReference section */

/* Begin PBXFrameworksBuildPhase section */
		FCCA629727058DDC0013AF06 /* Frameworks */ = {
			isa = PBXFrameworksBuildPhase;
			buildActionMask = 2147483647;
			files = (
			);
			runOnlyForDeploymentPostprocessing = 0;
		};
/* End PBXFrameworksBuildPhase section */

/* Begin PBXGroup section */
		FCCA629127058DDC0013AF06 = {
			isa = PBXGroup;
			children = (
				FCCA629C27058DDC0013AF06 /* SwiftUIWebView */,
				FCCA629B27058DDC0013AF06 /* Products */,
			);
			sourceTree = "<group>";
		};
		FCCA629B27058DDC0013AF06 /* Products */ = {
			isa = PBXGroup;
			children = (
				FCCA629A27058DDC0013AF06 /* SwiftUIWebView.app */,
			);
			name = Products;
			sourceTree = "<group>";
		};
		FCCA629C27058DDC0013AF06 /* SwiftUIWebView */ = {
			isa = PBXGroup;
			children = (
				FCCA629D27058DDC0013AF06 /* AppDelegate.swift */,
				FCCA629F27058DDC0013AF06 /* SceneDelegate.swift */,
				FCCA62B127058E410013AF06 /* MyWebView.swift */,
				FCCA62A127058DDC0013AF06 /* ContentView.swift */,
				FCCA62A327058DDD0013AF06 /* Assets.xcassets */,
				FCCA62A827058DDD0013AF06 /* LaunchScreen.storyboard */,
				FCCA62AB27058DDD0013AF06 /* Info.plist */,
				FCCA62A527058DDD0013AF06 /* Preview Content */,
			);
			path = SwiftUIWebView;
			sourceTree = "<group>";
		};
		FCCA62A527058DDD0013AF06 /* Preview Content */ = {
			isa = PBXGroup;
			children = (
				FCCA62A627058DDD0013AF06 /* Preview Assets.xcassets */,
			);
			path = "Preview Content";
			sourceTree = "<group>";
		};
/* End PBXGroup section */

/* Begin PBXNativeTarget section */
		FCCA629927058DDC0013AF06 /* SwiftUIWebView */ = {
			isa = PBXNativeTarget;
			buildConfigurationList = FCCA62AE27058DDD0013AF06 /* Build configuration list for PBXNativeTarget "SwiftUIWebView" */;
			buildPhases = (
				FCCA629627058DDC0013AF06 /* Sources */,
				FCCA629727058DDC0013AF06 /* Frameworks */,
				FCCA629827058DDC0013AF06 /* Resources */,
			);
			buildRules = (
			);
			dependencies = (
			);
			name = SwiftUIWebView;
			productName = SwiftUIWebView;
			productReference = FCCA629A27058DDC0013AF06 /* SwiftUIWebView.app */;
			productType = "com.apple.product-type.application";
		};
/* End PBXNativeTarget section */

/* Begin PBXProject section */
		FCCA629227058DDC0013AF06 /* Project object */ = {
			isa = PBXProject;
			attributes = {
				LastSwiftUpdateCheck = 1250;
				LastUpgradeCheck = 1250;
				TargetAttributes = {
					FCCA629927058DDC0013AF06 = {
						CreatedOnToolsVersion = 12.5;
					};
				};
			};
			buildConfigurationList = FCCA629527058DDC0013AF06 /* Build configuration list for PBXProject "SwiftUIWebView" */;
			compatibilityVersion = "Xcode 9.3";
			developmentRegion = en;
			hasScannedForEncodings = 0;
			knownRegions = (
				en,
				Base,
			);
			mainGroup = FCCA629127058DDC0013AF06;
			productRefGroup = FCCA629B27058DDC0013AF06 /* Products */;
			projectDirPath = "";
			projectRoot = "";
			targets = (
				FCCA629927058DDC0013AF06 /* SwiftUIWebView */,
			);
		};
/* End PBXProject section */

/* Begin PBXResourcesBuildPhase section */
		FCCA629827058DDC0013AF06 /* Resources */ = {
			isa = PBXResourcesBuildPhase;
			buildActionMask = 2147483647;
			files = (
				FCCA62AA27058DDD0013AF06 /* LaunchScreen.storyboard in Resources */,
				FCCA62A727058DDD0013AF06 /* Preview Assets.xcassets in Resources */,
				FCCA62A427058DDD0013AF06 /* Assets.xcassets in Resources */,
			);
			runOnlyForDeploymentPostprocessing = 0;
		};
/* End PBXResourcesBuildPhase section */

/* Begin PBXSourcesBuildPhase section */
		FCCA629627058DDC0013AF06 /* Sources */ = {
			isa = PBXSourcesBuildPhase;
			buildActionMask = 2147483647;
			files = (
				FCCA629E27058DDC0013AF06 /* AppDelegate.swift in Sources */,
				FCCA62B227058E410013AF06 /* MyWebView.swift in Sources */,
				FCCA62A027058DDC0013AF06 /* SceneDelegate.swift in Sources */,
				FCCA62A227058DDC0013AF06 /* ContentView.swift in Sources */,
			);
			runOnlyForDeploymentPostprocessing = 0;
		};
/* End PBXSourcesBuildPhase section */

/* Begin PBXVariantGroup section */
		FCCA62A827058DDD0013AF06 /* LaunchScreen.storyboard */ = {
			isa = PBXVariantGroup;
			children = (
				FCCA62A927058DDD0013AF06 /* Base */,
			);
			name = LaunchScreen.storyboard;
			sourceTree = "<group>";
		};
/* End PBXVariantGroup section */

/* Begin XCBuildConfiguration section */
		FCCA62AC27058DDD0013AF06 /* Debug */ = {
			isa = XCBuildConfiguration;
			buildSettings = {
				ALWAYS_SEARCH_USER_PATHS = NO;
				CLANG_ANALYZER_NONNULL = YES;
				CLANG_ANALYZER_NUMBER_OBJECT_CONVERSION = YES_AGGRESSIVE;
				CLANG_CXX_LANGUAGE_STANDARD = "gnu++14";
				CLANG_CXX_LIBRARY = "libc++";
				CLANG_ENABLE_MODULES = YES;
				CLANG_ENABLE_OBJC_ARC = YES;
				CLANG_ENABLE_OBJC_WEAK = YES;
				CLANG_WARN_BLOCK_CAPTURE_AUTORELEASING = YES;
				CLANG_WARN_BOOL_CONVERSION = YES;
				CLANG_WARN_COMMA = YES;
				CLANG_WARN_CONSTANT_CONVERSION = YES;
				CLANG_WARN_DEPRECATED_OBJC_IMPLEMENTATIONS = YES;
				CLANG_WARN_DIRECT_OBJC_ISA_USAGE = YES_ERROR;
				CLANG_WARN_DOCUMENTATION_COMMENTS = YES;
				CLANG_WARN_EMPTY_BODY = YES;
				CLANG_WARN_ENUM_CONVERSION = YES;
				CLANG_WARN_INFINITE_RECURSION = YES;
				CLANG_WARN_INT_CONVERSION = YES;
				CLANG_WARN_NON_LITERAL_NULL_CONVERSION = YES;
				CLANG_WARN_OBJC_IMPLICIT_RETAIN_SELF = YES;
				CLANG_WARN_OBJC_LITERAL_CONVERSION = YES;
				CLANG_WARN_OBJC_ROOT_CLASS = YES_ERROR;
				CLANG_WARN_QUOTED_INCLUDE_IN_FRAMEWORK_HEADER = YES;
				CLANG_WARN_RANGE_LOOP_ANALYSIS = YES;
				CLANG_WARN_STRICT_PROTOTYPES = YES;
				CLANG_WARN_SUSPICIOUS_MOVE = YES;
				CLANG_WARN_UNGUARDED_AVAILABILITY = YES_AGGRESSIVE;
				CLANG_WARN_UNREACHABLE_CODE = YES;
				CLANG_WARN__DUPLICATE_METHOD_MATCH = YES;
				COPY_PHASE_STRIP = NO;
				DEBUG_INFORMATION_FORMAT = dwarf;
				ENABLE_STRICT_OBJC_MSGSEND = YES;
				ENABLE_TESTABILITY = YES;
				GCC_C_LANGUAGE_STANDARD = gnu11;
				GCC_DYNAMIC_NO_PIC = NO;
				GCC_NO_COMMON_BLOCKS = YES;
				GCC_OPTIMIZATION_LEVEL = 0;
				GCC_PREPROCESSOR_DEFINITIONS = (
					"DEBUG=1",
					"$(inherited)",
				);
				GCC_WARN_64_TO_32_BIT_CONVERSION = YES;
				GCC_WARN_ABOUT_RETURN_TYPE = YES_ERROR;
				GCC_WARN_UNDECLARED_SELECTOR = YES;
				GCC_WARN_UNINITIALIZED_AUTOS = YES_AGGRESSIVE;
				GCC_WARN_UNUSED_FUNCTION = YES;
				GCC_WARN_UNUSED_VARIABLE = YES;
				IPHONEOS_DEPLOYMENT_TARGET = 14.5;
				MTL_ENABLE_DEBUG_INFO = INCLUDE_SOURCE;
				MTL_FAST_MATH = YES;
				ONLY_ACTIVE_ARCH = YES;
				SDKROOT = iphoneos;
				SWIFT_ACTIVE_COMPILATION_CONDITIONS = DEBUG;
				SWIFT_OPTIMIZATION_LEVEL = "-Onone";
			};
			name = Debug;
		};
		FCCA62AD27058DDD0013AF06 /* Release */ = {
			isa = XCBuildConfiguration;
			buildSettings = {
				ALWAYS_SEARCH_USER_PATHS = NO;
				CLANG_ANALYZER_NONNULL = YES;
				CLANG_ANALYZER_NUMBER_OBJECT_CONVERSION = YES_AGGRESSIVE;
				CLANG_CXX_LANGUAGE_STANDARD = "gnu++14";
				CLANG_CXX_LIBRARY = "libc++";
				CLANG_ENABLE_MODULES = YES;
				CLANG_ENABLE_OBJC_ARC = YES;
				CLANG_ENABLE_OBJC_WEAK = YES;
				CLANG_WARN_BLOCK_CAPTURE_AUTORELEASING = YES;
				CLANG_WARN_BOOL_CONVERSION = YES;
				CLANG_WARN_COMMA = YES;
				CLANG_WARN_CONSTANT_CONVERSION = YES;
				CLANG_WARN_DEPRECATED_OBJC_IMPLEMENTATIONS = YES;
				CLANG_WARN_DIRECT_OBJC_ISA_USAGE = YES_ERROR;
				CLANG_WARN_DOCUMENTATION_COMMENTS = YES;
				CLANG_WARN_EMPTY_BODY = YES;
				CLANG_WARN_ENUM_CONVERSION = YES;
				CLANG_WARN_INFINITE_RECURSION = YES;
				CLANG_WARN_INT_CONVERSION = YES;
				CLANG_WARN_NON_LITERAL_NULL_CONVERSION = YES;
				CLANG_WARN_OBJC_IMPLICIT_RETAIN_SELF = YES;
				CLANG_WARN_OBJC_LITERAL_CONVERSION = YES;
				CLANG_WARN_OBJC_ROOT_CLASS = YES_ERROR;
				CLANG_WARN_QUOTED_INCLUDE_IN_FRAMEWORK_HEADER = YES;
				CLANG_WARN_RANGE_LOOP_ANALYSIS = YES;
				CLANG_WARN_STRICT_PROTOTYPES = YES;
				CLANG_WARN_SUSPICIOUS_MOVE = YES;
				CLANG_WARN_UNGUARDED_AVAILABILITY = YES_AGGRESSIVE;
				CLANG_WARN_UNREACHABLE_CODE = YES;
				CLANG_WARN__DUPLICATE_METHOD_MATCH = YES;
				COPY_PHASE_STRIP = NO;
				DEBUG_INFORMATION_FORMAT = "dwarf-with-dsym";
				ENABLE_NS_ASSERTIONS = NO;
				ENABLE_STRICT_OBJC_MSGSEND = YES;
				GCC_C_LANGUAGE_STANDARD = gnu11;
				GCC_NO_COMMON_BLOCKS = YES;
				GCC_WARN_64_TO_32_BIT_CONVERSION = YES;
				GCC_WARN_ABOUT_RETURN_TYPE = YES_ERROR;
				GCC_WARN_UNDECLARED_SELECTOR = YES;
				GCC_WARN_UNINITIALIZED_AUTOS = YES_AGGRESSIVE;
				GCC_WARN_UNUSED_FUNCTION = YES;
				GCC_WARN_UNUSED_VARIABLE = YES;
				IPHONEOS_DEPLOYMENT_TARGET = 14.5;
				MTL_ENABLE_DEBUG_INFO = NO;
				MTL_FAST_MATH = YES;
				SDKROOT = iphoneos;
				SWIFT_COMPILATION_MODE = wholemodule;
				SWIFT_OPTIMIZATION_LEVEL = "-O";
				VALIDATE_PRODUCT = YES;
			};
			name = Release;
		};
		FCCA62AF27058DDD0013AF06 /* Debug */ = {
			isa = XCBuildConfiguration;
			buildSettings = {
				ASSETCATALOG_COMPILER_APPICON_NAME = AppIcon;
				ASSETCATALOG_COMPILER_GLOBAL_ACCENT_COLOR_NAME = AccentColor;
				CODE_SIGN_STYLE = Automatic;
				DEVELOPMENT_ASSET_PATHS = "\"SwiftUIWebView/Preview Content\"";
				DEVELOPMENT_TEAM = N48W337W2F;
				ENABLE_PREVIEWS = YES;
				INFOPLIST_FILE = SwiftUIWebView/Info.plist;
				LD_RUNPATH_SEARCH_PATHS = (
					"$(inherited)",
					"@executable_path/Frameworks",
				);
				PRODUCT_BUNDLE_IDENTIFIER = com.johyeon.SwiftUIWebView;
				PRODUCT_NAME = "$(TARGET_NAME)";
				SWIFT_VERSION = 5.0;
				TARGETED_DEVICE_FAMILY = "1,2";
			};
			name = Debug;
		};
		FCCA62B027058DDD0013AF06 /* Release */ = {
			isa = XCBuildConfiguration;
			buildSettings = {
				ASSETCATALOG_COMPILER_APPICON_NAME = AppIcon;
				ASSETCATALOG_COMPILER_GLOBAL_ACCENT_COLOR_NAME = AccentColor;
				CODE_SIGN_STYLE = Automatic;
				DEVELOPMENT_ASSET_PATHS = "\"SwiftUIWebView/Preview Content\"";
				DEVELOPMENT_TEAM = N48W337W2F;
				ENABLE_PREVIEWS = YES;
				INFOPLIST_FILE = SwiftUIWebView/Info.plist;
				LD_RUNPATH_SEARCH_PATHS = (
					"$(inherited)",
					"@executable_path/Frameworks",
				);
				PRODUCT_BUNDLE_IDENTIFIER = com.johyeon.SwiftUIWebView;
				PRODUCT_NAME = "$(TARGET_NAME)";
				SWIFT_VERSION = 5.0;
				TARGETED_DEVICE_FAMILY = "1,2";
			};
			name = Release;
		};
/* End XCBuildConfiguration section */

/* Begin XCConfigurationList section */
		FCCA629527058DDC0013AF06 /* Build configuration list for PBXProject "SwiftUIWebView" */ = {
			isa = XCConfigurationList;
			buildConfigurations = (
				FCCA62AC27058DDD0013AF06 /* Debug */,
				FCCA62AD27058DDD0013AF06 /* Release */,
			);
			defaultConfigurationIsVisible = 0;
			defaultConfigurationName = Release;
		};
		FCCA62AE27058DDD0013AF06 /* Build configuration list for PBXNativeTarget "SwiftUIWebView" */ = {
			isa = XCConfigurationList;
			buildConfigurations = (
				FCCA62AF27058DDD0013AF06 /* Debug */,
				FCCA62B027058DDD0013AF06 /* Release */,
			);
			defaultConfigurationIsVisible = 0;
			defaultConfigurationName = Release;
		};
/* End XCConfigurationList section */
	};
	rootObject = FCCA629227058DDC0013AF06 /* Project object */;
}
